
Microsoft Visual Studio Solution File, Format Version 12.00
# Visual Studio Version 16
VisualStudioVersion = 16.0.29609.76
MinimumVisualStudioVersion = 10.0.40219.1
Project("{9A19103F-16F7-4668-BE54-9A1E7A4F7556}") = "CookedRabbit.Core", "CookedRabbit.Core\CookedRabbit.Core.csproj", "{5808360B-AB56-4019-953B-185362B2D2AE}"
EndProject
Project("{2150E333-8FDC-42A3-9474-1A3956D46DE8}") = "Solution Items", "Solution Items", "{5EDF225B-B61D-4B7E-8A82-11D326DF15BF}"
	ProjectSection(SolutionItems) = preProject
		.editorconfig = .editorconfig
		CookedRabbit.Core\Arch.PNG = CookedRabbit.Core\Arch.PNG
		CookedRabbit.Core\BuildRelease.bat = CookedRabbit.Core\BuildRelease.bat
		CookedRabbit.Core\CookedRabbitArch.dgml = CookedRabbit.Core\CookedRabbitArch.dgml
		CookedRabbit.Core\README.md = CookedRabbit.Core\README.md
	EndProjectSection
EndProject
Global
	GlobalSection(SolutionConfigurationPlatforms) = preSolution
		Debug|Any CPU = Debug|Any CPU
		Release|Any CPU = Release|Any CPU
	EndGlobalSection
	GlobalSection(ProjectConfigurationPlatforms) = postSolution
		{5808360B-AB56-4019-953B-185362B2D2AE}.Debug|Any CPU.ActiveCfg = Debug|Any CPU
		{5808360B-AB56-4019-953B-185362B2D2AE}.Debug|Any CPU.Build.0 = Debug|Any CPU
		{5808360B-AB56-4019-953B-185362B2D2AE}.Release|Any CPU.ActiveCfg = Release|Any CPU
		{5808360B-AB56-4019-953B-185362B2D2AE}.Release|Any CPU.Build.0 = Release|Any CPU
	EndGlobalSection
	GlobalSection(SolutionProperties) = preSolution
		HideSolutionNode = FALSE
	EndGlobalSection
	GlobalSection(ExtensibilityGlobals) = postSolution
		SolutionGuid = {C8803D12-5B02-41FA-A02C-D63F83C524E8}
	EndGlobalSection
EndGlobal
