
Microsoft Visual Studio Solution File, Format Version 12.00
# Visual Studio Version 16
VisualStudioVersion = 16.0.29609.76
MinimumVisualStudioVersion = 10.0.40219.1
Project("{9A19103F-16F7-4668-BE54-9A1E7A4F7556}") = "CookedRabbit.Core", "CookedRabbit.Core\CookedRabbit.Core.csproj", "{5808360B-AB56-4019-953B-185362B2D2AE}"
EndProject
Project("{9A19103F-16F7-4668-BE54-9A1E7A4F7556}") = "Benchmarks", "Examples\Benchmarks\Benchmarks.csproj", "{7438CBE2-FDB9-43DF-A799-5858757BAF4C}"
EndProject
Project("{9A19103F-16F7-4668-BE54-9A1E7A4F7556}") = "CookedRabbit.Core.Tests", "CookedRabbit.Core.Tests\CookedRabbit.Core.Tests.csproj", "{C2B794EB-A8E4-4258-8B43-0D179C5D8A3E}"
EndProject
Project("{9A19103F-16F7-4668-BE54-9A1E7A4F7556}") = "StressTestClient", "Examples\StressTestClient\StressTestClient.csproj", "{CB15603F-0431-46EB-89DA-56A289B6AA82}"
EndProject
Project("{9A19103F-16F7-4668-BE54-9A1E7A4F7556}") = "SimpleClient", "Examples\SimpleClient\SimpleClient.csproj", "{B6A719DC-9780-48BD-92B2-7F585A6D8A8A}"
EndProject
Project("{9A19103F-16F7-4668-BE54-9A1E7A4F7556}") = "PipelineClient", "Examples\PipelineClient\PipelineClient.csproj", "{510C643D-FB5F-40EA-B8DF-E1C0EA2F81A4}"
EndProject
Project("{2150E333-8FDC-42A3-9474-1A3956D46DE8}") = "Solution Items", "Solution Items", "{5EDF225B-B61D-4B7E-8A82-11D326DF15BF}"
	ProjectSection(SolutionItems) = preProject
		.editorconfig = .editorconfig
		CookedRabbit.Core\Arch.PNG = CookedRabbit.Core\Arch.PNG
		CookedRabbit.Core\BuildRelease.bat = CookedRabbit.Core\BuildRelease.bat
		CookedRabbit.Core\CookedRabbitArch.dgml = CookedRabbit.Core\CookedRabbitArch.dgml
		CookedRabbit.Core\README.md = CookedRabbit.Core\README.md
	EndProjectSection
EndProject
Project("{2150E333-8FDC-42A3-9474-1A3956D46DE8}") = "Examples", "Examples", "{55FD23B5-C75C-45E6-98D4-641EB5B04C43}"
EndProject
Global
	GlobalSection(SolutionConfigurationPlatforms) = preSolution
		Debug|Any CPU = Debug|Any CPU
		Release|Any CPU = Release|Any CPU
	EndGlobalSection
	GlobalSection(ProjectConfigurationPlatforms) = postSolution
		{5808360B-AB56-4019-953B-185362B2D2AE}.Debug|Any CPU.ActiveCfg = Debug|Any CPU
		{5808360B-AB56-4019-953B-185362B2D2AE}.Debug|Any CPU.Build.0 = Debug|Any CPU
		{5808360B-AB56-4019-953B-185362B2D2AE}.Release|Any CPU.ActiveCfg = Release|Any CPU
		{5808360B-AB56-4019-953B-185362B2D2AE}.Release|Any CPU.Build.0 = Release|Any CPU
		{7438CBE2-FDB9-43DF-A799-5858757BAF4C}.Debug|Any CPU.ActiveCfg = Debug|Any CPU
		{7438CBE2-FDB9-43DF-A799-5858757BAF4C}.Debug|Any CPU.Build.0 = Debug|Any CPU
		{7438CBE2-FDB9-43DF-A799-5858757BAF4C}.Release|Any CPU.ActiveCfg = Release|Any CPU
		{7438CBE2-FDB9-43DF-A799-5858757BAF4C}.Release|Any CPU.Build.0 = Release|Any CPU
		{C2B794EB-A8E4-4258-8B43-0D179C5D8A3E}.Debug|Any CPU.ActiveCfg = Debug|Any CPU
		{C2B794EB-A8E4-4258-8B43-0D179C5D8A3E}.Debug|Any CPU.Build.0 = Debug|Any CPU
		{C2B794EB-A8E4-4258-8B43-0D179C5D8A3E}.Release|Any CPU.ActiveCfg = Release|Any CPU
		{C2B794EB-A8E4-4258-8B43-0D179C5D8A3E}.Release|Any CPU.Build.0 = Release|Any CPU
		{CB15603F-0431-46EB-89DA-56A289B6AA82}.Debug|Any CPU.ActiveCfg = Debug|Any CPU
		{CB15603F-0431-46EB-89DA-56A289B6AA82}.Debug|Any CPU.Build.0 = Debug|Any CPU
		{CB15603F-0431-46EB-89DA-56A289B6AA82}.Release|Any CPU.ActiveCfg = Release|Any CPU
		{CB15603F-0431-46EB-89DA-56A289B6AA82}.Release|Any CPU.Build.0 = Release|Any CPU
		{B6A719DC-9780-48BD-92B2-7F585A6D8A8A}.Debug|Any CPU.ActiveCfg = Debug|Any CPU
		{B6A719DC-9780-48BD-92B2-7F585A6D8A8A}.Debug|Any CPU.Build.0 = Debug|Any CPU
		{B6A719DC-9780-48BD-92B2-7F585A6D8A8A}.Release|Any CPU.ActiveCfg = Release|Any CPU
		{B6A719DC-9780-48BD-92B2-7F585A6D8A8A}.Release|Any CPU.Build.0 = Release|Any CPU
		{510C643D-FB5F-40EA-B8DF-E1C0EA2F81A4}.Debug|Any CPU.ActiveCfg = Debug|Any CPU
		{510C643D-FB5F-40EA-B8DF-E1C0EA2F81A4}.Debug|Any CPU.Build.0 = Debug|Any CPU
		{510C643D-FB5F-40EA-B8DF-E1C0EA2F81A4}.Release|Any CPU.ActiveCfg = Release|Any CPU
		{510C643D-FB5F-40EA-B8DF-E1C0EA2F81A4}.Release|Any CPU.Build.0 = Release|Any CPU
	EndGlobalSection
	GlobalSection(SolutionProperties) = preSolution
		HideSolutionNode = FALSE
	EndGlobalSection
	GlobalSection(NestedProjects) = preSolution
		{7438CBE2-FDB9-43DF-A799-5858757BAF4C} = {55FD23B5-C75C-45E6-98D4-641EB5B04C43}
		{CB15603F-0431-46EB-89DA-56A289B6AA82} = {55FD23B5-C75C-45E6-98D4-641EB5B04C43}
		{B6A719DC-9780-48BD-92B2-7F585A6D8A8A} = {55FD23B5-C75C-45E6-98D4-641EB5B04C43}
		{510C643D-FB5F-40EA-B8DF-E1C0EA2F81A4} = {55FD23B5-C75C-45E6-98D4-641EB5B04C43}
	EndGlobalSection
	GlobalSection(ExtensibilityGlobals) = postSolution
		SolutionGuid = {C8803D12-5B02-41FA-A02C-D63F83C524E8}
	EndGlobalSection
EndGlobal
